
Microsoft Visual Studio Solution File, Format Version 12.00
# Visual Studio Version 17
VisualStudioVersion = 17.1.32328.378
MinimumVisualStudioVersion = 10.0.40219.1
Project("{FAE04EC0-301F-11D3-BF4B-00C04F79EFBC}") = "DATOS", "DATOS\DATOS.csproj", "{6FB51A39-6AA7-4286-9B00-D37E0D153A16}"
EndProject
Project("{FAE04EC0-301F-11D3-BF4B-00C04F79EFBC}") = "LOGICA", "LOGICA\LOGICA.csproj", "{B1D3CC65-62B6-4ACE-9403-F831C0AED567}"
EndProject
Project("{FAE04EC0-301F-11D3-BF4B-00C04F79EFBC}") = "PRESENTACION", "PRESENTACION\PRESENTACION.csproj", "{11C171F9-0851-4BE6-9D7B-ECA7A767CE8B}"
EndProject
Global
	GlobalSection(SolutionConfigurationPlatforms) = preSolution
		Debug|Any CPU = Debug|Any CPU
		Release|Any CPU = Release|Any CPU
	EndGlobalSection
	GlobalSection(ProjectConfigurationPlatforms) = postSolution
		{6FB51A39-6AA7-4286-9B00-D37E0D153A16}.Debug|Any CPU.ActiveCfg = Debug|Any CPU
		{6FB51A39-6AA7-4286-9B00-D37E0D153A16}.Debug|Any CPU.Build.0 = Debug|Any CPU
		{6FB51A39-6AA7-4286-9B00-D37E0D153A16}.Release|Any CPU.ActiveCfg = Release|Any CPU
		{6FB51A39-6AA7-4286-9B00-D37E0D153A16}.Release|Any CPU.Build.0 = Release|Any CPU
		{B1D3CC65-62B6-4ACE-9403-F831C0AED567}.Debug|Any CPU.ActiveCfg = Debug|Any CPU
		{B1D3CC65-62B6-4ACE-9403-F831C0AED567}.Debug|Any CPU.Build.0 = Debug|Any CPU
		{B1D3CC65-62B6-4ACE-9403-F831C0AED567}.Release|Any CPU.ActiveCfg = Release|Any CPU
		{B1D3CC65-62B6-4ACE-9403-F831C0AED567}.Release|Any CPU.Build.0 = Release|Any CPU
		{11C171F9-0851-4BE6-9D7B-ECA7A767CE8B}.Debug|Any CPU.ActiveCfg = Debug|Any CPU
		{11C171F9-0851-4BE6-9D7B-ECA7A767CE8B}.Debug|Any CPU.Build.0 = Debug|Any CPU
		{11C171F9-0851-4BE6-9D7B-ECA7A767CE8B}.Release|Any CPU.ActiveCfg = Release|Any CPU
		{11C171F9-0851-4BE6-9D7B-ECA7A767CE8B}.Release|Any CPU.Build.0 = Release|Any CPU
	EndGlobalSection
	GlobalSection(SolutionProperties) = preSolution
		HideSolutionNode = FALSE
	EndGlobalSection
	GlobalSection(ExtensibilityGlobals) = postSolution
		SolutionGuid = {DF89B432-2B04-4047-ACDA-5B029ECEF014}
	EndGlobalSection
EndGlobal
